// !$*UTF8*$!
{
	archiveVersion = 1;
	classes = {
	};
	objectVersion = 46;
	objects = {

/* Begin PBXBuildFile section */
		CEC68FC119D51E9800430160 /* main.m in Sources */ = {isa = PBXBuildFile; fileRef = CEC68FC019D51E9800430160 /* main.m */; };
		CEC68FC419D51E9800430160 /* AppDelegate.m in Sources */ = {isa = PBXBuildFile; fileRef = CEC68FC319D51E9800430160 /* AppDelegate.m */; };
		CEC68FC619D51E9800430160 /* Images.xcassets in Resources */ = {isa = PBXBuildFile; fileRef = CEC68FC519D51E9800430160 /* Images.xcassets */; };
		CEC68FC919D51E9800430160 /* MainMenu.xib in Resources */ = {isa = PBXBuildFile; fileRef = CEC68FC719D51E9800430160 /* MainMenu.xib */; };
		CEC68FD519D51E9800430160 /* Krazy_TVTests.m in Sources */ = {isa = PBXBuildFile; fileRef = CEC68FD419D51E9800430160 /* Krazy_TVTests.m */; };
/* End PBXBuildFile section */

/* Begin PBXContainerItemProxy section */
		CEC68FCF19D51E9800430160 /* PBXContainerItemProxy */ = {
			isa = PBXContainerItemProxy;
			containerPortal = CEC68FB319D51E9800430160 /* Project object */;
			proxyType = 1;
			remoteGlobalIDString = CEC68FBA19D51E9800430160;
			remoteInfo = "Krazy TV";
		};
/* End PBXContainerItemProxy section */

/* Begin PBXFileReference section */
		CEC68FBB19D51E9800430160 /* Krazy TV.app */ = {isa = PBXFileReference; explicitFileType = wrapper.application; includeInIndex = 0; path = "Krazy TV.app"; sourceTree = BUILT_PRODUCTS_DIR; };
		CEC68FBF19D51E9800430160 /* Info.plist */ = {isa = PBXFileReference; lastKnownFileType = text.plist.xml; path = Info.plist; sourceTree = "<group>"; };
		CEC68FC019D51E9800430160 /* main.m */ = {isa = PBXFileReference; lastKnownFileType = sourcecode.c.objc; path = main.m; sourceTree = "<group>"; };
		CEC68FC219D51E9800430160 /* AppDelegate.h */ = {isa = PBXFileReference; lastKnownFileType = sourcecode.c.h; path = AppDelegate.h; sourceTree = "<group>"; };
		CEC68FC319D51E9800430160 /* AppDelegate.m */ = {isa = PBXFileReference; lastKnownFileType = sourcecode.c.objc; path = AppDelegate.m; sourceTree = "<group>"; };
		CEC68FC519D51E9800430160 /* Images.xcassets */ = {isa = PBXFileReference; lastKnownFileType = folder.assetcatalog; path = Images.xcassets; sourceTree = "<group>"; };
		CEC68FC819D51E9800430160 /* Base */ = {isa = PBXFileReference; lastKnownFileType = file.xib; name = Base; path = Base.lproj/MainMenu.xib; sourceTree = "<group>"; };
		CEC68FCE19D51E9800430160 /* Krazy TVTests.xctest */ = {isa = PBXFileReference; explicitFileType = wrapper.cfbundle; includeInIndex = 0; path = "Krazy TVTests.xctest"; sourceTree = BUILT_PRODUCTS_DIR; };
		CEC68FD319D51E9800430160 /* Info.plist */ = {isa = PBXFileReference; lastKnownFileType = text.plist.xml; path = Info.plist; sourceTree = "<group>"; };
		CEC68FD419D51E9800430160 /* Krazy_TVTests.m */ = {isa = PBXFileReference; lastKnownFileType = sourcecode.c.objc; path = Krazy_TVTests.m; sourceTree = "<group>"; };
/* End PBXFileReference section */

/* Begin PBXFrameworksBuildPhase section */
		CEC68FB819D51E9800430160 /* Frameworks */ = {
			isa = PBXFrameworksBuildPhase;
			buildActionMask = 2147483647;
			files = (
			);
			runOnlyForDeploymentPostprocessing = 0;
		};
		CEC68FCB19D51E9800430160 /* Frameworks */ = {
			isa = PBXFrameworksBuildPhase;
			buildActionMask = 2147483647;
			files = (
			);
			runOnlyForDeploymentPostprocessing = 0;
		};
/* End PBXFrameworksBuildPhase section */

/* Begin PBXGroup section */
		CEC68FB219D51E9800430160 = {
			isa = PBXGroup;
			children = (
				CEC68FBD19D51E9800430160 /* Krazy TV */,
				CEC68FD119D51E9800430160 /* Krazy TVTests */,
				CEC68FBC19D51E9800430160 /* Products */,
			);
			sourceTree = "<group>";
		};
		CEC68FBC19D51E9800430160 /* Products */ = {
			isa = PBXGroup;
			children = (
				CEC68FBB19D51E9800430160 /* Krazy TV.app */,
				CEC68FCE19D51E9800430160 /* Krazy TVTests.xctest */,
			);
			name = Products;
			sourceTree = "<group>";
		};
		CEC68FBD19D51E9800430160 /* Krazy TV */ = {
			isa = PBXGroup;
			children = (
				CEC68FC219D51E9800430160 /* AppDelegate.h */,
				CEC68FC319D51E9800430160 /* AppDelegate.m */,
				CEC68FC519D51E9800430160 /* Images.xcassets */,
				CEC68FC719D51E9800430160 /* MainMenu.xib */,
				CEC68FBE19D51E9800430160 /* Supporting Files */,
			);
			path = "Krazy TV";
			sourceTree = "<group>";
		};
		CEC68FBE19D51E9800430160 /* Supporting Files */ = {
			isa = PBXGroup;
			children = (
				CEC68FBF19D51E9800430160 /* Info.plist */,
				CEC68FC019D51E9800430160 /* main.m */,
			);
			name = "Supporting Files";
			sourceTree = "<group>";
		};
		CEC68FD119D51E9800430160 /* Krazy TVTests */ = {
			isa = PBXGroup;
			children = (
				CEC68FD419D51E9800430160 /* Krazy_TVTests.m */,
				CEC68FD219D51E9800430160 /* Supporting Files */,
			);
			path = "Krazy TVTests";
			sourceTree = "<group>";
		};
		CEC68FD219D51E9800430160 /* Supporting Files */ = {
			isa = PBXGroup;
			children = (
				CEC68FD319D51E9800430160 /* Info.plist */,
			);
			name = "Supporting Files";
			sourceTree = "<group>";
		};
/* End PBXGroup section */

/* Begin PBXNativeTarget section */
		CEC68FBA19D51E9800430160 /* Krazy TV */ = {
			isa = PBXNativeTarget;
			buildConfigurationList = CEC68FD819D51E9800430160 /* Build configuration list for PBXNativeTarget "Krazy TV" */;
			buildPhases = (
				CEC68FB719D51E9800430160 /* Sources */,
				CEC68FB819D51E9800430160 /* Frameworks */,
				CEC68FB919D51E9800430160 /* Resources */,
			);
			buildRules = (
			);
			dependencies = (
			);
			name = "Krazy TV";
			productName = "Krazy TV";
			productReference = CEC68FBB19D51E9800430160 /* Krazy TV.app */;
			productType = "com.apple.product-type.application";
		};
		CEC68FCD19D51E9800430160 /* Krazy TVTests */ = {
			isa = PBXNativeTarget;
			buildConfigurationList = CEC68FDB19D51E9800430160 /* Build configuration list for PBXNativeTarget "Krazy TVTests" */;
			buildPhases = (
				CEC68FCA19D51E9800430160 /* Sources */,
				CEC68FCB19D51E9800430160 /* Frameworks */,
				CEC68FCC19D51E9800430160 /* Resources */,
			);
			buildRules = (
			);
			dependencies = (
				CEC68FD019D51E9800430160 /* PBXTargetDependency */,
			);
			name = "Krazy TVTests";
			productName = "Krazy TVTests";
			productReference = CEC68FCE19D51E9800430160 /* Krazy TVTests.xctest */;
			productType = "com.apple.product-type.bundle.unit-test";
		};
/* End PBXNativeTarget section */

/* Begin PBXProject section */
		CEC68FB319D51E9800430160 /* Project object */ = {
			isa = PBXProject;
			attributes = {
				LastUpgradeCheck = 0600;
				ORGANIZATIONNAME = "2nd Jobs";
				TargetAttributes = {
					CEC68FBA19D51E9800430160 = {
						CreatedOnToolsVersion = 6.0;
					};
					CEC68FCD19D51E9800430160 = {
						CreatedOnToolsVersion = 6.0;
						TestTargetID = CEC68FBA19D51E9800430160;
					};
				};
			};
			buildConfigurationList = CEC68FB619D51E9800430160 /* Build configuration list for PBXProject "Krazy TV" */;
			compatibilityVersion = "Xcode 3.2";
			developmentRegion = English;
			hasScannedForEncodings = 0;
			knownRegions = (
				en,
				Base,
			);
			mainGroup = CEC68FB219D51E9800430160;
			productRefGroup = CEC68FBC19D51E9800430160 /* Products */;
			projectDirPath = "";
			projectRoot = "";
			targets = (
				CEC68FBA19D51E9800430160 /* Krazy TV */,
				CEC68FCD19D51E9800430160 /* Krazy TVTests */,
			);
		};
/* End PBXProject section */

/* Begin PBXResourcesBuildPhase section */
		CEC68FB919D51E9800430160 /* Resources */ = {
			isa = PBXResourcesBuildPhase;
			buildActionMask = 2147483647;
			files = (
				CEC68FC619D51E9800430160 /* Images.xcassets in Resources */,
				CEC68FC919D51E9800430160 /* MainMenu.xib in Resources */,
			);
			runOnlyForDeploymentPostprocessing = 0;
		};
		CEC68FCC19D51E9800430160 /* Resources */ = {
			isa = PBXResourcesBuildPhase;
			buildActionMask = 2147483647;
			files = (
			);
			runOnlyForDeploymentPostprocessing = 0;
		};
/* End PBXResourcesBuildPhase section */

/* Begin PBXSourcesBuildPhase section */
		CEC68FB719D51E9800430160 /* Sources */ = {
			isa = PBXSourcesBuildPhase;
			buildActionMask = 2147483647;
			files = (
				CEC68FC419D51E9800430160 /* AppDelegate.m in Sources */,
				CEC68FC119D51E9800430160 /* main.m in Sources */,
			);
			runOnlyForDeploymentPostprocessing = 0;
		};
		CEC68FCA19D51E9800430160 /* Sources */ = {
			isa = PBXSourcesBuildPhase;
			buildActionMask = 2147483647;
			files = (
				CEC68FD519D51E9800430160 /* Krazy_TVTests.m in Sources */,
			);
			runOnlyForDeploymentPostprocessing = 0;
		};
/* End PBXSourcesBuildPhase section */

/* Begin PBXTargetDependency section */
		CEC68FD019D51E9800430160 /* PBXTargetDependency */ = {
			isa = PBXTargetDependency;
			target = CEC68FBA19D51E9800430160 /* Krazy TV */;
			targetProxy = CEC68FCF19D51E9800430160 /* PBXContainerItemProxy */;
		};
/* End PBXTargetDependency section */

/* Begin PBXVariantGroup section */
		CEC68FC719D51E9800430160 /* MainMenu.xib */ = {
			isa = PBXVariantGroup;
			children = (
				CEC68FC819D51E9800430160 /* Base */,
			);
			name = MainMenu.xib;
			sourceTree = "<group>";
		};
/* End PBXVariantGroup section */

/* Begin XCBuildConfiguration section */
		CEC68FD619D51E9800430160 /* Debug */ = {
			isa = XCBuildConfiguration;
			buildSettings = {
				ALWAYS_SEARCH_USER_PATHS = NO;
				CLANG_CXX_LANGUAGE_STANDARD = "gnu++0x";
				CLANG_CXX_LIBRARY = "libc++";
				CLANG_ENABLE_MODULES = YES;
				CLANG_ENABLE_OBJC_ARC = YES;
				CLANG_WARN_BOOL_CONVERSION = YES;
				CLANG_WARN_CONSTANT_CONVERSION = YES;
				CLANG_WARN_DIRECT_OBJC_ISA_USAGE = YES_ERROR;
				CLANG_WARN_EMPTY_BODY = YES;
				CLANG_WARN_ENUM_CONVERSION = YES;
				CLANG_WARN_INT_CONVERSION = YES;
				CLANG_WARN_OBJC_ROOT_CLASS = YES_ERROR;
				CLANG_WARN_UNREACHABLE_CODE = YES;
				CLANG_WARN__DUPLICATE_METHOD_MATCH = YES;
				CODE_SIGN_IDENTITY = "-";
				COPY_PHASE_STRIP = NO;
				ENABLE_STRICT_OBJC_MSGSEND = YES;
				GCC_C_LANGUAGE_STANDARD = gnu99;
				GCC_DYNAMIC_NO_PIC = NO;
				GCC_OPTIMIZATION_LEVEL = 0;
				GCC_PREPROCESSOR_DEFINITIONS = (
					"DEBUG=1",
					"$(inherited)",
				);
				GCC_SYMBOLS_PRIVATE_EXTERN = NO;
				GCC_WARN_64_TO_32_BIT_CONVERSION = YES;
				GCC_WARN_ABOUT_RETURN_TYPE = YES_ERROR;
				GCC_WARN_UNDECLARED_SELECTOR = YES;
				GCC_WARN_UNINITIALIZED_AUTOS = YES_AGGRESSIVE;
				GCC_WARN_UNUSED_FUNCTION = YES;
				GCC_WARN_UNUSED_VARIABLE = YES;
				MACOSX_DEPLOYMENT_TARGET = 10.9;
				MTL_ENABLE_DEBUG_INFO = YES;
				ONLY_ACTIVE_ARCH = YES;
				SDKROOT = macosx;
			};
			name = Debug;
		};
		CEC68FD719D51E9800430160 /* Release */ = {
			isa = XCBuildConfiguration;
			buildSettings = {
				ALWAYS_SEARCH_USER_PATHS = NO;
				CLANG_CXX_LANGUAGE_STANDARD = "gnu++0x";
				CLANG_CXX_LIBRARY = "libc++";
				CLANG_ENABLE_MODULES = YES;
				CLANG_ENABLE_OBJC_ARC = YES;
				CLANG_WARN_BOOL_CONVERSION = YES;
				CLANG_WARN_CONSTANT_CONVERSION = YES;
				CLANG_WARN_DIRECT_OBJC_ISA_USAGE = YES_ERROR;
				CLANG_WARN_EMPTY_BODY = YES;
				CLANG_WARN_ENUM_CONVERSION = YES;
				CLANG_WARN_INT_CONVERSION = YES;
				CLANG_WARN_OBJC_ROOT_CLASS = YES_ERROR;
				CLANG_WARN_UNREACHABLE_CODE = YES;
				CLANG_WARN__DUPLICATE_METHOD_MATCH = YES;
				CODE_SIGN_IDENTITY = "-";
				COPY_PHASE_STRIP = YES;
				DEBUG_INFORMATION_FORMAT = "dwarf-with-dsym";
				ENABLE_NS_ASSERTIONS = NO;
				ENABLE_STRICT_OBJC_MSGSEND = YES;
				GCC_C_LANGUAGE_STANDARD = gnu99;
				GCC_WARN_64_TO_32_BIT_CONVERSION = YES;
				GCC_WARN_ABOUT_RETURN_TYPE = YES_ERROR;
				GCC_WARN_UNDECLARED_SELECTOR = YES;
				GCC_WARN_UNINITIALIZED_AUTOS = YES_AGGRESSIVE;
				GCC_WARN_UNUSED_FUNCTION = YES;
				GCC_WARN_UNUSED_VARIABLE = YES;
				MACOSX_DEPLOYMENT_TARGET = 10.9;
				MTL_ENABLE_DEBUG_INFO = NO;
				SDKROOT = macosx;
			};
			name = Release;
		};
		CEC68FD919D51E9800430160 /* Debug */ = {
			isa = XCBuildConfiguration;
			buildSettings = {
				ASSETCATALOG_COMPILER_APPICON_NAME = AppIcon;
				COMBINE_HIDPI_IMAGES = YES;
				INFOPLIST_FILE = "Krazy TV/Info.plist";
				LD_RUNPATH_SEARCH_PATHS = "$(inherited) @executable_path/../Frameworks";
				PRODUCT_NAME = "$(TARGET_NAME)";
			};
			name = Debug;
		};
		CEC68FDA19D51E9800430160 /* Release */ = {
			isa = XCBuildConfiguration;
			buildSettings = {
				ASSETCATALOG_COMPILER_APPICON_NAME = AppIcon;
				COMBINE_HIDPI_IMAGES = YES;
				INFOPLIST_FILE = "Krazy TV/Info.plist";
				LD_RUNPATH_SEARCH_PATHS = "$(inherited) @executable_path/../Frameworks";
				PRODUCT_NAME = "$(TARGET_NAME)";
			};
			name = Release;
		};
		CEC68FDC19D51E9800430160 /* Debug */ = {
			isa = XCBuildConfiguration;
			buildSettings = {
				BUNDLE_LOADER = "$(TEST_HOST)";
				COMBINE_HIDPI_IMAGES = YES;
				FRAMEWORK_SEARCH_PATHS = (
					"$(DEVELOPER_FRAMEWORKS_DIR)",
					"$(inherited)",
				);
				GCC_PREPROCESSOR_DEFINITIONS = (
					"DEBUG=1",
					"$(inherited)",
				);
				INFOPLIST_FILE = "Krazy TVTests/Info.plist";
				LD_RUNPATH_SEARCH_PATHS = "$(inherited) @executable_path/../Frameworks @loader_path/../Frameworks";
				PRODUCT_NAME = "$(TARGET_NAME)";
				TEST_HOST = "$(BUILT_PRODUCTS_DIR)/Krazy TV.app/Contents/MacOS/Krazy TV";
			};
			name = Debug;
		};
		CEC68FDD19D51E9800430160 /* Release */ = {
			isa = XCBuildConfiguration;
			buildSettings = {
				BUNDLE_LOADER = "$(TEST_HOST)";
				COMBINE_HIDPI_IMAGES = YES;
				FRAMEWORK_SEARCH_PATHS = (
					"$(DEVELOPER_FRAMEWORKS_DIR)",
					"$(inherited)",
				);
				INFOPLIST_FILE = "Krazy TVTests/Info.plist";
				LD_RUNPATH_SEARCH_PATHS = "$(inherited) @executable_path/../Frameworks @loader_path/../Frameworks";
				PRODUCT_NAME = "$(TARGET_NAME)";
				TEST_HOST = "$(BUILT_PRODUCTS_DIR)/Krazy TV.app/Contents/MacOS/Krazy TV";
			};
			name = Release;
		};
/* End XCBuildConfiguration section */

/* Begin XCConfigurationList section */
		CEC68FB619D51E9800430160 /* Build configuration list for PBXProject "Krazy TV" */ = {
			isa = XCConfigurationList;
			buildConfigurations = (
				CEC68FD619D51E9800430160 /* Debug */,
				CEC68FD719D51E9800430160 /* Release */,
			);
			defaultConfigurationIsVisible = 0;
			defaultConfigurationName = Release;
		};
		CEC68FD819D51E9800430160 /* Build configuration list for PBXNativeTarget "Krazy TV" */ = {
			isa = XCConfigurationList;
			buildConfigurations = (
				CEC68FD919D51E9800430160 /* Debug */,
				CEC68FDA19D51E9800430160 /* Release */,
			);
			defaultConfigurationIsVisible = 0;
		};
		CEC68FDB19D51E9800430160 /* Build configuration list for PBXNativeTarget "Krazy TVTests" */ = {
			isa = XCConfigurationList;
			buildConfigurations = (
				CEC68FDC19D51E9800430160 /* Debug */,
				CEC68FDD19D51E9800430160 /* Release */,
			);
			defaultConfigurationIsVisible = 0;
		};
/* End XCConfigurationList section */
	};
	rootObject = CEC68FB319D51E9800430160 /* Project object */;
}
